{
  "version": 4,
  "terraform_version": "1.6.6",
  "serial": 124,
  "lineage": "08669b23-a59b-5b36-7f91-407f7714c580",
  "outputs": {},
  "resources": [
    {
      "module": "module.azure_vm",
      "mode": "managed",
      "type": "azurerm_linux_virtual_machine",
      "name": "myvm",
      "provider": "module.azure_vm.provider[\"registry.terraform.io/hashicorp/azurerm\"]",
      "instances": [
        {
          "index_key": 0,
          "schema_version": 0,
          "attributes": {
            "additional_capabilities": [],
            "admin_password": null,
            "admin_ssh_key": [
              {
                "public_key": "ssh-rsa AAAAB3NzaC1yc2EAAAADAQABAAABAQC6trga32qdHYoKuSQaU7TiSc7kizX6rLWeRA6UhMUkVjw9XNbNq+Zv+EZ2yR0fsoFydfUyf/aL6FD6q6YeUnpBRxDUQjJfKpYA3RCwzoHS1mdHz9oL3D6XSd7VvyNKViGG25Dkb08hatvPW5UDXcyX6tKJqtOo6mx4Vm/Ih6QqPyKyrPDGlZ/27nE/tvsNWzL/pg7QaghbbuSkMM0v8oK7FPwwxgmF8kmFUzsDeNKQx+ex9M7oui+2Uw6puGgtIAy/UUjHiHn05E2eSpCOkZbYpv781uROZVtxwQ/ENEopKGlANLe8rkVFUTWq8uyTIOZukzh8/I222XYSzPiWRWS5",
                "username": "adminuser"
              }
            ],
            "admin_username": "adminuser",
            "allow_extension_operations": true,
            "availability_set_id": "",
            "boot_diagnostics": [],
            "bypass_platform_safety_checks_on_user_schedule_enabled": false,
            "capacity_reservation_group_id": "",
            "computer_name": "Master",
            "custom_data": null,
            "dedicated_host_group_id": "",
            "dedicated_host_id": "",
            "disable_password_authentication": true,
            "edge_zone": "",
            "encryption_at_host_enabled": false,
            "eviction_policy": "",
            "extensions_time_budget": "PT1H30M",
            "gallery_application": [],
            "id": "/subscriptions/92ae0cbf-d519-45df-bc7b-20c9bfb59006/resourceGroups/Terraform/providers/Microsoft.Compute/virtualMachines/Master",
            "identity": [],
            "license_type": "",
            "location": "centralus",
            "max_bid_price": -1,
            "name": "Master",
            "network_interface_ids": [
              "/subscriptions/92ae0cbf-d519-45df-bc7b-20c9bfb59006/resourceGroups/Terraform/providers/Microsoft.Network/networkInterfaces/myNIC-0"
            ],
            "os_disk": [
              {
                "caching": "ReadWrite",
                "diff_disk_settings": [],
                "disk_encryption_set_id": "",
                "disk_size_gb": 30,
                "name": "Master_OsDisk_1_cd90afb2e0d14af49016910b914cb89a",
                "secure_vm_disk_encryption_set_id": "",
                "security_encryption_type": "",
                "storage_account_type": "Standard_LRS",
                "write_accelerator_enabled": false
              }
            ],
            "patch_assessment_mode": "ImageDefault",
            "patch_mode": "ImageDefault",
            "plan": [],
            "platform_fault_domain": -1,
            "priority": "Regular",
            "private_ip_address": "10.0.1.4",
            "private_ip_addresses": [
              "10.0.1.4"
            ],
            "provision_vm_agent": true,
            "proximity_placement_group_id": "",
            "public_ip_address": "172.173.84.53",
            "public_ip_addresses": [
              "172.173.84.53"
            ],
            "reboot_setting": "",
            "resource_group_name": "Terraform",
            "secret": [],
            "secure_boot_enabled": false,
            "size": "Standard_DS1_v2",
            "source_image_id": "",
            "source_image_reference": [
              {
                "offer": "0001-com-ubuntu-server-focal",
                "publisher": "Canonical",
                "sku": "20_04-lts",
                "version": "latest"
              }
            ],
            "tags": null,
            "termination_notification": null,
            "timeouts": null,
            "user_data": "",
            "virtual_machine_id": "32cde2e3-04a7-4171-83ad-71253135a165",
            "virtual_machine_scale_set_id": "",
            "vtpm_enabled": false,
            "zone": ""
          },
          "sensitive_attributes": [],
          "private": "eyJlMmJmYjczMC1lY2FhLTExZTYtOGY4OC0zNDM2M2JjN2M0YzAiOnsiY3JlYXRlIjoyNzAwMDAwMDAwMDAwLCJkZWxldGUiOjI3MDAwMDAwMDAwMDAsInJlYWQiOjMwMDAwMDAwMDAwMCwidXBkYXRlIjoyNzAwMDAwMDAwMDAwfX0=",
          "dependencies": [
            "module.azure_vm.azurerm_network_interface.my_nic",
            "module.azure_vm.azurerm_public_ip.example",
            "module.azure_vm.azurerm_resource_group.terraform",
            "module.azure_vm.azurerm_subnet.subnet",
            "module.azure_vm.azurerm_virtual_network.vnet"
          ]
        },
        {
          "index_key": 1,
          "schema_version": 0,
          "attributes": {
            "additional_capabilities": [],
            "admin_password": null,
            "admin_ssh_key": [
              {
                "public_key": "ssh-rsa AAAAB3NzaC1yc2EAAAADAQABAAABAQC6trga32qdHYoKuSQaU7TiSc7kizX6rLWeRA6UhMUkVjw9XNbNq+Zv+EZ2yR0fsoFydfUyf/aL6FD6q6YeUnpBRxDUQjJfKpYA3RCwzoHS1mdHz9oL3D6XSd7VvyNKViGG25Dkb08hatvPW5UDXcyX6tKJqtOo6mx4Vm/Ih6QqPyKyrPDGlZ/27nE/tvsNWzL/pg7QaghbbuSkMM0v8oK7FPwwxgmF8kmFUzsDeNKQx+ex9M7oui+2Uw6puGgtIAy/UUjHiHn05E2eSpCOkZbYpv781uROZVtxwQ/ENEopKGlANLe8rkVFUTWq8uyTIOZukzh8/I222XYSzPiWRWS5",
                "username": "adminuser"
              }
            ],
            "admin_username": "adminuser",
            "allow_extension_operations": true,
            "availability_set_id": "",
            "boot_diagnostics": [],
            "bypass_platform_safety_checks_on_user_schedule_enabled": false,
            "capacity_reservation_group_id": "",
            "computer_name": "node1",
            "custom_data": null,
            "dedicated_host_group_id": "",
            "dedicated_host_id": "",
            "disable_password_authentication": true,
            "edge_zone": "",
            "encryption_at_host_enabled": false,
            "eviction_policy": "",
            "extensions_time_budget": "PT1H30M",
            "gallery_application": [],
            "id": "/subscriptions/92ae0cbf-d519-45df-bc7b-20c9bfb59006/resourceGroups/Terraform/providers/Microsoft.Compute/virtualMachines/node1",
            "identity": [],
            "license_type": "",
            "location": "centralus",
            "max_bid_price": -1,
            "name": "node1",
            "network_interface_ids": [
              "/subscriptions/92ae0cbf-d519-45df-bc7b-20c9bfb59006/resourceGroups/Terraform/providers/Microsoft.Network/networkInterfaces/myNIC-1"
            ],
            "os_disk": [
              {
                "caching": "ReadWrite",
                "diff_disk_settings": [],
                "disk_encryption_set_id": "",
                "disk_size_gb": 30,
                "name": "node1_OsDisk_1_ed1605cdc6b2458b96ad5b34e6936193",
                "secure_vm_disk_encryption_set_id": "",
                "security_encryption_type": "",
                "storage_account_type": "Standard_LRS",
                "write_accelerator_enabled": false
              }
            ],
            "patch_assessment_mode": "ImageDefault",
            "patch_mode": "ImageDefault",
            "plan": [],
            "platform_fault_domain": -1,
            "priority": "Regular",
            "private_ip_address": "10.0.1.7",
            "private_ip_addresses": [
              "10.0.1.7"
            ],
            "provision_vm_agent": true,
            "proximity_placement_group_id": "",
            "public_ip_address": "172.173.84.50",
            "public_ip_addresses": [
              "172.173.84.50"
            ],
            "reboot_setting": "",
            "resource_group_name": "Terraform",
            "secret": [],
            "secure_boot_enabled": false,
            "size": "Standard_DS1_v2",
            "source_image_id": "",
            "source_image_reference": [
              {
                "offer": "0001-com-ubuntu-server-focal",
                "publisher": "Canonical",
                "sku": "20_04-lts",
                "version": "latest"
              }
            ],
            "tags": null,
            "termination_notification": null,
            "timeouts": null,
            "user_data": "",
            "virtual_machine_id": "bf656fda-a55e-4268-9c3b-4ff039f1590e",
            "virtual_machine_scale_set_id": "",
            "vtpm_enabled": false,
            "zone": ""
          },
          "sensitive_attributes": [],
          "private": "eyJlMmJmYjczMC1lY2FhLTExZTYtOGY4OC0zNDM2M2JjN2M0YzAiOnsiY3JlYXRlIjoyNzAwMDAwMDAwMDAwLCJkZWxldGUiOjI3MDAwMDAwMDAwMDAsInJlYWQiOjMwMDAwMDAwMDAwMCwidXBkYXRlIjoyNzAwMDAwMDAwMDAwfX0=",
          "dependencies": [
            "module.azure_vm.azurerm_network_interface.my_nic",
            "module.azure_vm.azurerm_public_ip.example",
            "module.azure_vm.azurerm_resource_group.terraform",
            "module.azure_vm.azurerm_subnet.subnet",
            "module.azure_vm.azurerm_virtual_network.vnet"
          ]
        },
        {
          "index_key": 2,
          "schema_version": 0,
          "attributes": {
            "additional_capabilities": [],
            "admin_password": null,
            "admin_ssh_key": [
              {
                "public_key": "ssh-rsa AAAAB3NzaC1yc2EAAAADAQABAAABAQC6trga32qdHYoKuSQaU7TiSc7kizX6rLWeRA6UhMUkVjw9XNbNq+Zv+EZ2yR0fsoFydfUyf/aL6FD6q6YeUnpBRxDUQjJfKpYA3RCwzoHS1mdHz9oL3D6XSd7VvyNKViGG25Dkb08hatvPW5UDXcyX6tKJqtOo6mx4Vm/Ih6QqPyKyrPDGlZ/27nE/tvsNWzL/pg7QaghbbuSkMM0v8oK7FPwwxgmF8kmFUzsDeNKQx+ex9M7oui+2Uw6puGgtIAy/UUjHiHn05E2eSpCOkZbYpv781uROZVtxwQ/ENEopKGlANLe8rkVFUTWq8uyTIOZukzh8/I222XYSzPiWRWS5",
                "username": "adminuser"
              }
            ],
            "admin_username": "adminuser",
            "allow_extension_operations": true,
            "availability_set_id": "",
            "boot_diagnostics": [],
            "bypass_platform_safety_checks_on_user_schedule_enabled": false,
            "capacity_reservation_group_id": "",
            "computer_name": "node2",
            "custom_data": null,
            "dedicated_host_group_id": "",
            "dedicated_host_id": "",
            "disable_password_authentication": true,
            "edge_zone": "",
            "encryption_at_host_enabled": false,
            "eviction_policy": "",
            "extensions_time_budget": "PT1H30M",
            "gallery_application": [],
            "id": "/subscriptions/92ae0cbf-d519-45df-bc7b-20c9bfb59006/resourceGroups/Terraform/providers/Microsoft.Compute/virtualMachines/node2",
            "identity": [],
            "license_type": "",
            "location": "centralus",
            "max_bid_price": -1,
            "name": "node2",
            "network_interface_ids": [
              "/subscriptions/92ae0cbf-d519-45df-bc7b-20c9bfb59006/resourceGroups/Terraform/providers/Microsoft.Network/networkInterfaces/myNIC-2"
            ],
            "os_disk": [
              {
                "caching": "ReadWrite",
                "diff_disk_settings": [],
                "disk_encryption_set_id": "",
                "disk_size_gb": 30,
                "name": "node2_OsDisk_1_7b85cd8b8b944097928f82a53be3dec2",
                "secure_vm_disk_encryption_set_id": "",
                "security_encryption_type": "",
                "storage_account_type": "Standard_LRS",
                "write_accelerator_enabled": false
              }
            ],
            "patch_assessment_mode": "ImageDefault",
            "patch_mode": "ImageDefault",
            "plan": [],
            "platform_fault_domain": -1,
            "priority": "Regular",
            "private_ip_address": "10.0.1.5",
            "private_ip_addresses": [
              "10.0.1.5"
            ],
            "provision_vm_agent": true,
            "proximity_placement_group_id": "",
            "public_ip_address": "172.173.84.57",
            "public_ip_addresses": [
              "172.173.84.57"
            ],
            "reboot_setting": "",
            "resource_group_name": "Terraform",
            "secret": [],
            "secure_boot_enabled": false,
            "size": "Standard_DS1_v2",
            "source_image_id": "",
            "source_image_reference": [
              {
                "offer": "0001-com-ubuntu-server-focal",
                "publisher": "Canonical",
                "sku": "20_04-lts",
                "version": "latest"
              }
            ],
            "tags": null,
            "termination_notification": null,
            "timeouts": null,
            "user_data": "",
            "virtual_machine_id": "007d2626-d297-442a-8c7c-4534b2b55c30",
            "virtual_machine_scale_set_id": "",
            "vtpm_enabled": false,
            "zone": ""
          },
          "sensitive_attributes": [],
          "private": "eyJlMmJmYjczMC1lY2FhLTExZTYtOGY4OC0zNDM2M2JjN2M0YzAiOnsiY3JlYXRlIjoyNzAwMDAwMDAwMDAwLCJkZWxldGUiOjI3MDAwMDAwMDAwMDAsInJlYWQiOjMwMDAwMDAwMDAwMCwidXBkYXRlIjoyNzAwMDAwMDAwMDAwfX0=",
          "dependencies": [
            "module.azure_vm.azurerm_network_interface.my_nic",
            "module.azure_vm.azurerm_public_ip.example",
            "module.azure_vm.azurerm_resource_group.terraform",
            "module.azure_vm.azurerm_subnet.subnet",
            "module.azure_vm.azurerm_virtual_network.vnet"
          ]
        },
        {
          "index_key": 3,
          "schema_version": 0,
          "attributes": {
            "additional_capabilities": [],
            "admin_password": null,
            "admin_ssh_key": [
              {
                "public_key": "ssh-rsa AAAAB3NzaC1yc2EAAAADAQABAAABAQC6trga32qdHYoKuSQaU7TiSc7kizX6rLWeRA6UhMUkVjw9XNbNq+Zv+EZ2yR0fsoFydfUyf/aL6FD6q6YeUnpBRxDUQjJfKpYA3RCwzoHS1mdHz9oL3D6XSd7VvyNKViGG25Dkb08hatvPW5UDXcyX6tKJqtOo6mx4Vm/Ih6QqPyKyrPDGlZ/27nE/tvsNWzL/pg7QaghbbuSkMM0v8oK7FPwwxgmF8kmFUzsDeNKQx+ex9M7oui+2Uw6puGgtIAy/UUjHiHn05E2eSpCOkZbYpv781uROZVtxwQ/ENEopKGlANLe8rkVFUTWq8uyTIOZukzh8/I222XYSzPiWRWS5",
                "username": "adminuser"
              }
            ],
            "admin_username": "adminuser",
            "allow_extension_operations": true,
            "availability_set_id": "",
            "boot_diagnostics": [],
            "bypass_platform_safety_checks_on_user_schedule_enabled": false,
            "capacity_reservation_group_id": "",
            "computer_name": "node3",
            "custom_data": null,
            "dedicated_host_group_id": "",
            "dedicated_host_id": "",
            "disable_password_authentication": true,
            "edge_zone": "",
            "encryption_at_host_enabled": false,
            "eviction_policy": "",
            "extensions_time_budget": "PT1H30M",
            "gallery_application": [],
            "id": "/subscriptions/92ae0cbf-d519-45df-bc7b-20c9bfb59006/resourceGroups/Terraform/providers/Microsoft.Compute/virtualMachines/node3",
            "identity": [],
            "license_type": "",
            "location": "centralus",
            "max_bid_price": -1,
            "name": "node3",
            "network_interface_ids": [
              "/subscriptions/92ae0cbf-d519-45df-bc7b-20c9bfb59006/resourceGroups/Terraform/providers/Microsoft.Network/networkInterfaces/myNIC-3"
            ],
            "os_disk": [
              {
                "caching": "ReadWrite",
                "diff_disk_settings": [],
                "disk_encryption_set_id": "",
                "disk_size_gb": 30,
                "name": "node3_OsDisk_1_9121ba72025f46779fb698128c1d7747",
                "secure_vm_disk_encryption_set_id": "",
                "security_encryption_type": "",
                "storage_account_type": "Standard_LRS",
                "write_accelerator_enabled": false
              }
            ],
            "patch_assessment_mode": "ImageDefault",
            "patch_mode": "ImageDefault",
            "plan": [],
            "platform_fault_domain": -1,
            "priority": "Regular",
            "private_ip_address": "10.0.1.6",
            "private_ip_addresses": [
              "10.0.1.6"
            ],
            "provision_vm_agent": true,
            "proximity_placement_group_id": "",
            "public_ip_address": "172.170.248.13",
            "public_ip_addresses": [
              "172.170.248.13"
            ],
            "reboot_setting": "",
            "resource_group_name": "Terraform",
            "secret": [],
            "secure_boot_enabled": false,
            "size": "Standard_DS1_v2",
            "source_image_id": "",
            "source_image_reference": [
              {
                "offer": "0001-com-ubuntu-server-focal",
                "publisher": "Canonical",
                "sku": "20_04-lts",
                "version": "latest"
              }
            ],
            "tags": null,
            "termination_notification": null,
            "timeouts": null,
            "user_data": "",
            "virtual_machine_id": "5910397e-13e5-49fc-8599-8e1f03cfdafa",
            "virtual_machine_scale_set_id": "",
            "vtpm_enabled": false,
            "zone": ""
          },
          "sensitive_attributes": [],
          "private": "eyJlMmJmYjczMC1lY2FhLTExZTYtOGY4OC0zNDM2M2JjN2M0YzAiOnsiY3JlYXRlIjoyNzAwMDAwMDAwMDAwLCJkZWxldGUiOjI3MDAwMDAwMDAwMDAsInJlYWQiOjMwMDAwMDAwMDAwMCwidXBkYXRlIjoyNzAwMDAwMDAwMDAwfX0=",
          "dependencies": [
            "module.azure_vm.azurerm_network_interface.my_nic",
            "module.azure_vm.azurerm_public_ip.example",
            "module.azure_vm.azurerm_resource_group.terraform",
            "module.azure_vm.azurerm_subnet.subnet",
            "module.azure_vm.azurerm_virtual_network.vnet"
          ]
        }
      ]
    },
    {
      "module": "module.azure_vm",
      "mode": "managed",
      "type": "azurerm_network_interface",
      "name": "my_nic",
      "provider": "module.azure_vm.provider[\"registry.terraform.io/hashicorp/azurerm\"]",
      "instances": [
        {
          "index_key": 0,
          "schema_version": 0,
          "attributes": {
            "applied_dns_servers": [],
            "auxiliary_mode": "",
            "auxiliary_sku": "",
            "dns_servers": [],
            "edge_zone": "",
            "enable_accelerated_networking": false,
            "enable_ip_forwarding": false,
            "id": "/subscriptions/92ae0cbf-d519-45df-bc7b-20c9bfb59006/resourceGroups/Terraform/providers/Microsoft.Network/networkInterfaces/myNIC-0",
            "internal_dns_name_label": "",
            "internal_domain_name_suffix": "ukpzoyfh35yepmy5llrxgwaydb.gx.internal.cloudapp.net",
            "ip_configuration": [
              {
                "gateway_load_balancer_frontend_ip_configuration_id": "",
                "name": "myNICConfig-0",
                "primary": true,
                "private_ip_address": "10.0.1.4",
                "private_ip_address_allocation": "Dynamic",
                "private_ip_address_version": "IPv4",
                "public_ip_address_id": "/subscriptions/92ae0cbf-d519-45df-bc7b-20c9bfb59006/resourceGroups/Terraform/providers/Microsoft.Network/publicIPAddresses/myPublicIP-0",
                "subnet_id": "/subscriptions/92ae0cbf-d519-45df-bc7b-20c9bfb59006/resourceGroups/Terraform/providers/Microsoft.Network/virtualNetworks/myVNet/subnets/mySubnet"
              }
            ],
            "location": "centralus",
            "mac_address": "60-45-BD-2F-DA-16",
            "name": "myNIC-0",
            "private_ip_address": "10.0.1.4",
            "private_ip_addresses": [
              "10.0.1.4"
            ],
            "resource_group_name": "Terraform",
            "tags": {},
            "timeouts": null,
            "virtual_machine_id": "/subscriptions/92ae0cbf-d519-45df-bc7b-20c9bfb59006/resourceGroups/Terraform/providers/Microsoft.Compute/virtualMachines/Master"
          },
          "sensitive_attributes": [],
          "private": "eyJlMmJmYjczMC1lY2FhLTExZTYtOGY4OC0zNDM2M2JjN2M0YzAiOnsiY3JlYXRlIjoxODAwMDAwMDAwMDAwLCJkZWxldGUiOjE4MDAwMDAwMDAwMDAsInJlYWQiOjMwMDAwMDAwMDAwMCwidXBkYXRlIjoxODAwMDAwMDAwMDAwfX0=",
          "dependencies": [
            "module.azure_vm.azurerm_public_ip.example",
            "module.azure_vm.azurerm_resource_group.terraform",
            "module.azure_vm.azurerm_subnet.subnet",
            "module.azure_vm.azurerm_virtual_network.vnet"
          ]
        },
        {
          "index_key": 1,
          "schema_version": 0,
          "attributes": {
            "applied_dns_servers": [],
            "auxiliary_mode": "",
            "auxiliary_sku": "",
            "dns_servers": [],
            "edge_zone": "",
            "enable_accelerated_networking": false,
            "enable_ip_forwarding": false,
            "id": "/subscriptions/92ae0cbf-d519-45df-bc7b-20c9bfb59006/resourceGroups/Terraform/providers/Microsoft.Network/networkInterfaces/myNIC-1",
            "internal_dns_name_label": "",
            "internal_domain_name_suffix": "ukpzoyfh35yepmy5llrxgwaydb.gx.internal.cloudapp.net",
            "ip_configuration": [
              {
                "gateway_load_balancer_frontend_ip_configuration_id": "",
                "name": "myNICConfig-1",
                "primary": true,
                "private_ip_address": "10.0.1.7",
                "private_ip_address_allocation": "Dynamic",
                "private_ip_address_version": "IPv4",
                "public_ip_address_id": "/subscriptions/92ae0cbf-d519-45df-bc7b-20c9bfb59006/resourceGroups/Terraform/providers/Microsoft.Network/publicIPAddresses/myPublicIP-1",
                "subnet_id": "/subscriptions/92ae0cbf-d519-45df-bc7b-20c9bfb59006/resourceGroups/Terraform/providers/Microsoft.Network/virtualNetworks/myVNet/subnets/mySubnet"
              }
            ],
            "location": "centralus",
            "mac_address": "00-0D-3A-97-7D-D1",
            "name": "myNIC-1",
            "private_ip_address": "10.0.1.7",
            "private_ip_addresses": [
              "10.0.1.7"
            ],
            "resource_group_name": "Terraform",
            "tags": {},
            "timeouts": null,
            "virtual_machine_id": "/subscriptions/92ae0cbf-d519-45df-bc7b-20c9bfb59006/resourceGroups/Terraform/providers/Microsoft.Compute/virtualMachines/node1"
          },
          "sensitive_attributes": [],
          "private": "eyJlMmJmYjczMC1lY2FhLTExZTYtOGY4OC0zNDM2M2JjN2M0YzAiOnsiY3JlYXRlIjoxODAwMDAwMDAwMDAwLCJkZWxldGUiOjE4MDAwMDAwMDAwMDAsInJlYWQiOjMwMDAwMDAwMDAwMCwidXBkYXRlIjoxODAwMDAwMDAwMDAwfX0=",
          "dependencies": [
            "module.azure_vm.azurerm_public_ip.example",
            "module.azure_vm.azurerm_resource_group.terraform",
            "module.azure_vm.azurerm_subnet.subnet",
            "module.azure_vm.azurerm_virtual_network.vnet"
          ]
        },
        {
          "index_key": 2,
          "schema_version": 0,
          "attributes": {
            "applied_dns_servers": [],
            "auxiliary_mode": "",
            "auxiliary_sku": "",
            "dns_servers": [],
            "edge_zone": "",
            "enable_accelerated_networking": false,
            "enable_ip_forwarding": false,
            "id": "/subscriptions/92ae0cbf-d519-45df-bc7b-20c9bfb59006/resourceGroups/Terraform/providers/Microsoft.Network/networkInterfaces/myNIC-2",
            "internal_dns_name_label": "",
            "internal_domain_name_suffix": "ukpzoyfh35yepmy5llrxgwaydb.gx.internal.cloudapp.net",
            "ip_configuration": [
              {
                "gateway_load_balancer_frontend_ip_configuration_id": "",
                "name": "myNICConfig-2",
                "primary": true,
                "private_ip_address": "10.0.1.5",
                "private_ip_address_allocation": "Dynamic",
                "private_ip_address_version": "IPv4",
                "public_ip_address_id": "/subscriptions/92ae0cbf-d519-45df-bc7b-20c9bfb59006/resourceGroups/Terraform/providers/Microsoft.Network/publicIPAddresses/myPublicIP-2",
                "subnet_id": "/subscriptions/92ae0cbf-d519-45df-bc7b-20c9bfb59006/resourceGroups/Terraform/providers/Microsoft.Network/virtualNetworks/myVNet/subnets/mySubnet"
              }
            ],
            "location": "centralus",
            "mac_address": "00-0D-3A-94-94-9A",
            "name": "myNIC-2",
            "private_ip_address": "10.0.1.5",
            "private_ip_addresses": [
              "10.0.1.5"
            ],
            "resource_group_name": "Terraform",
            "tags": {},
            "timeouts": null,
            "virtual_machine_id": "/subscriptions/92ae0cbf-d519-45df-bc7b-20c9bfb59006/resourceGroups/Terraform/providers/Microsoft.Compute/virtualMachines/node2"
          },
          "sensitive_attributes": [],
          "private": "eyJlMmJmYjczMC1lY2FhLTExZTYtOGY4OC0zNDM2M2JjN2M0YzAiOnsiY3JlYXRlIjoxODAwMDAwMDAwMDAwLCJkZWxldGUiOjE4MDAwMDAwMDAwMDAsInJlYWQiOjMwMDAwMDAwMDAwMCwidXBkYXRlIjoxODAwMDAwMDAwMDAwfX0=",
          "dependencies": [
            "module.azure_vm.azurerm_public_ip.example",
            "module.azure_vm.azurerm_resource_group.terraform",
            "module.azure_vm.azurerm_subnet.subnet",
            "module.azure_vm.azurerm_virtual_network.vnet"
          ]
        },
        {
          "index_key": 3,
          "schema_version": 0,
          "attributes": {
            "applied_dns_servers": [],
            "auxiliary_mode": "",
            "auxiliary_sku": "",
            "dns_servers": [],
            "edge_zone": "",
            "enable_accelerated_networking": false,
            "enable_ip_forwarding": false,
            "id": "/subscriptions/92ae0cbf-d519-45df-bc7b-20c9bfb59006/resourceGroups/Terraform/providers/Microsoft.Network/networkInterfaces/myNIC-3",
            "internal_dns_name_label": "",
            "internal_domain_name_suffix": "ukpzoyfh35yepmy5llrxgwaydb.gx.internal.cloudapp.net",
            "ip_configuration": [
              {
                "gateway_load_balancer_frontend_ip_configuration_id": "",
                "name": "myNICConfig-3",
                "primary": true,
                "private_ip_address": "10.0.1.6",
                "private_ip_address_allocation": "Dynamic",
                "private_ip_address_version": "IPv4",
                "public_ip_address_id": "/subscriptions/92ae0cbf-d519-45df-bc7b-20c9bfb59006/resourceGroups/Terraform/providers/Microsoft.Network/publicIPAddresses/myPublicIP-3",
                "subnet_id": "/subscriptions/92ae0cbf-d519-45df-bc7b-20c9bfb59006/resourceGroups/Terraform/providers/Microsoft.Network/virtualNetworks/myVNet/subnets/mySubnet"
              }
            ],
            "location": "centralus",
            "mac_address": "60-45-BD-30-37-86",
            "name": "myNIC-3",
            "private_ip_address": "10.0.1.6",
            "private_ip_addresses": [
              "10.0.1.6"
            ],
            "resource_group_name": "Terraform",
            "tags": {},
            "timeouts": null,
            "virtual_machine_id": "/subscriptions/92ae0cbf-d519-45df-bc7b-20c9bfb59006/resourceGroups/Terraform/providers/Microsoft.Compute/virtualMachines/node3"
          },
          "sensitive_attributes": [],
          "private": "eyJlMmJmYjczMC1lY2FhLTExZTYtOGY4OC0zNDM2M2JjN2M0YzAiOnsiY3JlYXRlIjoxODAwMDAwMDAwMDAwLCJkZWxldGUiOjE4MDAwMDAwMDAwMDAsInJlYWQiOjMwMDAwMDAwMDAwMCwidXBkYXRlIjoxODAwMDAwMDAwMDAwfX0=",
          "dependencies": [
            "module.azure_vm.azurerm_public_ip.example",
            "module.azure_vm.azurerm_resource_group.terraform",
            "module.azure_vm.azurerm_subnet.subnet",
            "module.azure_vm.azurerm_virtual_network.vnet"
          ]
        }
      ]
    },
    {
      "module": "module.azure_vm",
      "mode": "managed",
      "type": "azurerm_network_security_group",
      "name": "nsg",
      "provider": "module.azure_vm.provider[\"registry.terraform.io/hashicorp/azurerm\"]",
      "instances": [
        {
          "schema_version": 0,
          "attributes": {
            "id": "/subscriptions/92ae0cbf-d519-45df-bc7b-20c9bfb59006/resourceGroups/Terraform/providers/Microsoft.Network/networkSecurityGroups/myNSG",
            "location": "centralus",
            "name": "myNSG",
            "resource_group_name": "Terraform",
            "security_rule": [
              {
                "access": "Allow",
                "description": "",
                "destination_address_prefix": "*",
                "destination_address_prefixes": [],
                "destination_application_security_group_ids": [],
                "destination_port_range": "*",
                "destination_port_ranges": [],
                "direction": "Inbound",
                "name": "allow_all",
                "priority": 100,
                "protocol": "*",
                "source_address_prefix": "*",
                "source_address_prefixes": [],
                "source_application_security_group_ids": [],
                "source_port_range": "*",
                "source_port_ranges": []
              }
            ],
            "tags": {},
            "timeouts": null
          },
          "sensitive_attributes": [],
          "private": "eyJlMmJmYjczMC1lY2FhLTExZTYtOGY4OC0zNDM2M2JjN2M0YzAiOnsiY3JlYXRlIjoxODAwMDAwMDAwMDAwLCJkZWxldGUiOjE4MDAwMDAwMDAwMDAsInJlYWQiOjMwMDAwMDAwMDAwMCwidXBkYXRlIjoxODAwMDAwMDAwMDAwfX0=",
          "dependencies": [
            "module.azure_vm.azurerm_resource_group.terraform"
          ]
        }
      ]
    },
    {
      "module": "module.azure_vm",
      "mode": "managed",
      "type": "azurerm_network_security_rule",
      "name": "allow_all",
      "provider": "module.azure_vm.provider[\"registry.terraform.io/hashicorp/azurerm\"]",
      "instances": [
        {
          "schema_version": 0,
          "attributes": {
            "access": "Allow",
            "description": "",
            "destination_address_prefix": "*",
            "destination_address_prefixes": [],
            "destination_application_security_group_ids": [],
            "destination_port_range": "*",
            "destination_port_ranges": [],
            "direction": "Inbound",
            "id": "/subscriptions/92ae0cbf-d519-45df-bc7b-20c9bfb59006/resourceGroups/Terraform/providers/Microsoft.Network/networkSecurityGroups/myNSG/securityRules/allow_all",
            "name": "allow_all",
            "network_security_group_name": "myNSG",
            "priority": 100,
            "protocol": "*",
            "resource_group_name": "Terraform",
            "source_address_prefix": "*",
            "source_address_prefixes": [],
            "source_application_security_group_ids": [],
            "source_port_range": "*",
            "source_port_ranges": [],
            "timeouts": null
          },
          "sensitive_attributes": [],
          "private": "eyJlMmJmYjczMC1lY2FhLTExZTYtOGY4OC0zNDM2M2JjN2M0YzAiOnsiY3JlYXRlIjoxODAwMDAwMDAwMDAwLCJkZWxldGUiOjE4MDAwMDAwMDAwMDAsInJlYWQiOjMwMDAwMDAwMDAwMCwidXBkYXRlIjoxODAwMDAwMDAwMDAwfX0=",
          "dependencies": [
            "module.azure_vm.azurerm_network_security_group.nsg",
            "module.azure_vm.azurerm_resource_group.terraform"
          ]
        }
      ]
    },
    {
      "module": "module.azure_vm",
      "mode": "managed",
      "type": "azurerm_public_ip",
      "name": "example",
      "provider": "module.azure_vm.provider[\"registry.terraform.io/hashicorp/azurerm\"]",
      "instances": [
        {
          "index_key": 0,
          "schema_version": 0,
          "attributes": {
            "allocation_method": "Dynamic",
            "ddos_protection_mode": "VirtualNetworkInherited",
            "ddos_protection_plan_id": null,
            "domain_name_label": null,
            "edge_zone": "",
            "fqdn": null,
            "id": "/subscriptions/92ae0cbf-d519-45df-bc7b-20c9bfb59006/resourceGroups/Terraform/providers/Microsoft.Network/publicIPAddresses/myPublicIP-0",
            "idle_timeout_in_minutes": 4,
            "ip_address": "20.29.100.107",
            "ip_tags": {},
            "ip_version": "IPv4",
            "location": "centralus",
            "name": "myPublicIP-0",
            "public_ip_prefix_id": null,
            "resource_group_name": "Terraform",
            "reverse_fqdn": null,
            "sku": "Basic",
            "sku_tier": "Regional",
            "tags": {},
            "timeouts": null,
            "zones": []
          },
          "sensitive_attributes": [],
          "private": "eyJlMmJmYjczMC1lY2FhLTExZTYtOGY4OC0zNDM2M2JjN2M0YzAiOnsiY3JlYXRlIjoxODAwMDAwMDAwMDAwLCJkZWxldGUiOjE4MDAwMDAwMDAwMDAsInJlYWQiOjMwMDAwMDAwMDAwMCwidXBkYXRlIjoxODAwMDAwMDAwMDAwfX0=",
          "dependencies": [
            "module.azure_vm.azurerm_resource_group.terraform"
          ]
        },
        {
          "index_key": 1,
          "schema_version": 0,
          "attributes": {
            "allocation_method": "Dynamic",
            "ddos_protection_mode": "VirtualNetworkInherited",
            "ddos_protection_plan_id": null,
            "domain_name_label": null,
            "edge_zone": "",
            "fqdn": null,
            "id": "/subscriptions/92ae0cbf-d519-45df-bc7b-20c9bfb59006/resourceGroups/Terraform/providers/Microsoft.Network/publicIPAddresses/myPublicIP-1",
            "idle_timeout_in_minutes": 4,
            "ip_address": "20.29.100.112",
            "ip_tags": {},
            "ip_version": "IPv4",
            "location": "centralus",
            "name": "myPublicIP-1",
            "public_ip_prefix_id": null,
            "resource_group_name": "Terraform",
            "reverse_fqdn": null,
            "sku": "Basic",
            "sku_tier": "Regional",
            "tags": {},
            "timeouts": null,
            "zones": []
          },
          "sensitive_attributes": [],
          "private": "eyJlMmJmYjczMC1lY2FhLTExZTYtOGY4OC0zNDM2M2JjN2M0YzAiOnsiY3JlYXRlIjoxODAwMDAwMDAwMDAwLCJkZWxldGUiOjE4MDAwMDAwMDAwMDAsInJlYWQiOjMwMDAwMDAwMDAwMCwidXBkYXRlIjoxODAwMDAwMDAwMDAwfX0=",
          "dependencies": [
            "module.azure_vm.azurerm_resource_group.terraform"
          ]
        },
        {
          "index_key": 2,
          "schema_version": 0,
          "attributes": {
            "allocation_method": "Dynamic",
            "ddos_protection_mode": "VirtualNetworkInherited",
            "ddos_protection_plan_id": null,
            "domain_name_label": null,
            "edge_zone": "",
            "fqdn": null,
            "id": "/subscriptions/92ae0cbf-d519-45df-bc7b-20c9bfb59006/resourceGroups/Terraform/providers/Microsoft.Network/publicIPAddresses/myPublicIP-2",
            "idle_timeout_in_minutes": 4,
            "ip_address": "20.29.102.105",
            "ip_tags": {},
            "ip_version": "IPv4",
            "location": "centralus",
            "name": "myPublicIP-2",
            "public_ip_prefix_id": null,
            "resource_group_name": "Terraform",
            "reverse_fqdn": null,
            "sku": "Basic",
            "sku_tier": "Regional",
            "tags": {},
            "timeouts": null,
            "zones": []
          },
          "sensitive_attributes": [],
          "private": "eyJlMmJmYjczMC1lY2FhLTExZTYtOGY4OC0zNDM2M2JjN2M0YzAiOnsiY3JlYXRlIjoxODAwMDAwMDAwMDAwLCJkZWxldGUiOjE4MDAwMDAwMDAwMDAsInJlYWQiOjMwMDAwMDAwMDAwMCwidXBkYXRlIjoxODAwMDAwMDAwMDAwfX0=",
          "dependencies": [
            "module.azure_vm.azurerm_resource_group.terraform"
          ]
        },
        {
          "index_key": 3,
          "schema_version": 0,
          "attributes": {
            "allocation_method": "Dynamic",
            "ddos_protection_mode": "VirtualNetworkInherited",
            "ddos_protection_plan_id": null,
            "domain_name_label": null,
            "edge_zone": "",
            "fqdn": null,
            "id": "/subscriptions/92ae0cbf-d519-45df-bc7b-20c9bfb59006/resourceGroups/Terraform/providers/Microsoft.Network/publicIPAddresses/myPublicIP-3",
            "idle_timeout_in_minutes": 4,
            "ip_address": "20.29.102.89",
            "ip_tags": {},
            "ip_version": "IPv4",
            "location": "centralus",
            "name": "myPublicIP-3",
            "public_ip_prefix_id": null,
            "resource_group_name": "Terraform",
            "reverse_fqdn": null,
            "sku": "Basic",
            "sku_tier": "Regional",
            "tags": {},
            "timeouts": null,
            "zones": []
          },
          "sensitive_attributes": [],
          "private": "eyJlMmJmYjczMC1lY2FhLTExZTYtOGY4OC0zNDM2M2JjN2M0YzAiOnsiY3JlYXRlIjoxODAwMDAwMDAwMDAwLCJkZWxldGUiOjE4MDAwMDAwMDAwMDAsInJlYWQiOjMwMDAwMDAwMDAwMCwidXBkYXRlIjoxODAwMDAwMDAwMDAwfX0=",
          "dependencies": [
            "module.azure_vm.azurerm_resource_group.terraform"
          ]
        }
      ]
    },
    {
      "module": "module.azure_vm",
      "mode": "managed",
      "type": "azurerm_resource_group",
      "name": "terraform",
      "provider": "module.azure_vm.provider[\"registry.terraform.io/hashicorp/azurerm\"]",
      "instances": [
        {
          "schema_version": 0,
          "attributes": {
            "id": "/subscriptions/92ae0cbf-d519-45df-bc7b-20c9bfb59006/resourceGroups/Terraform",
            "location": "centralus",
            "managed_by": "",
            "name": "Terraform",
            "tags": {},
            "timeouts": null
          },
          "sensitive_attributes": [],
          "private": "eyJlMmJmYjczMC1lY2FhLTExZTYtOGY4OC0zNDM2M2JjN2M0YzAiOnsiY3JlYXRlIjo1NDAwMDAwMDAwMDAwLCJkZWxldGUiOjU0MDAwMDAwMDAwMDAsInJlYWQiOjMwMDAwMDAwMDAwMCwidXBkYXRlIjo1NDAwMDAwMDAwMDAwfX0="
        }
      ]
    },
    {
      "module": "module.azure_vm",
      "mode": "managed",
      "type": "azurerm_subnet",
      "name": "subnet",
      "provider": "module.azure_vm.provider[\"registry.terraform.io/hashicorp/azurerm\"]",
      "instances": [
        {
          "schema_version": 0,
          "attributes": {
            "address_prefixes": [
              "10.0.1.0/24"
            ],
            "delegation": [],
            "enforce_private_link_endpoint_network_policies": false,
            "enforce_private_link_service_network_policies": false,
            "id": "/subscriptions/92ae0cbf-d519-45df-bc7b-20c9bfb59006/resourceGroups/Terraform/providers/Microsoft.Network/virtualNetworks/myVNet/subnets/mySubnet",
            "name": "mySubnet",
            "private_endpoint_network_policies_enabled": true,
            "private_link_service_network_policies_enabled": true,
            "resource_group_name": "Terraform",
            "service_endpoint_policy_ids": [],
            "service_endpoints": [],
            "timeouts": null,
            "virtual_network_name": "myVNet"
          },
          "sensitive_attributes": [],
          "private": "eyJlMmJmYjczMC1lY2FhLTExZTYtOGY4OC0zNDM2M2JjN2M0YzAiOnsiY3JlYXRlIjoxODAwMDAwMDAwMDAwLCJkZWxldGUiOjE4MDAwMDAwMDAwMDAsInJlYWQiOjMwMDAwMDAwMDAwMCwidXBkYXRlIjoxODAwMDAwMDAwMDAwfX0=",
          "dependencies": [
            "module.azure_vm.azurerm_resource_group.terraform",
            "module.azure_vm.azurerm_virtual_network.vnet"
          ]
        }
      ]
    },
    {
      "module": "module.azure_vm",
      "mode": "managed",
      "type": "azurerm_virtual_network",
      "name": "vnet",
      "provider": "module.azure_vm.provider[\"registry.terraform.io/hashicorp/azurerm\"]",
      "instances": [
        {
          "schema_version": 0,
          "attributes": {
            "address_space": [
              "10.0.0.0/16"
            ],
            "bgp_community": "",
            "ddos_protection_plan": [],
            "dns_servers": [],
            "edge_zone": "",
            "encryption": [],
            "flow_timeout_in_minutes": 0,
            "guid": "60979fa2-efa7-47f0-b31f-5ae373581819",
            "id": "/subscriptions/92ae0cbf-d519-45df-bc7b-20c9bfb59006/resourceGroups/Terraform/providers/Microsoft.Network/virtualNetworks/myVNet",
            "location": "centralus",
            "name": "myVNet",
            "resource_group_name": "Terraform",
            "subnet": [
              {
                "address_prefix": "10.0.1.0/24",
                "id": "/subscriptions/92ae0cbf-d519-45df-bc7b-20c9bfb59006/resourceGroups/Terraform/providers/Microsoft.Network/virtualNetworks/myVNet/subnets/mySubnet",
                "name": "mySubnet",
                "security_group": ""
              }
            ],
            "tags": {},
            "timeouts": null
          },
          "sensitive_attributes": [],
          "private": "eyJlMmJmYjczMC1lY2FhLTExZTYtOGY4OC0zNDM2M2JjN2M0YzAiOnsiY3JlYXRlIjoxODAwMDAwMDAwMDAwLCJkZWxldGUiOjE4MDAwMDAwMDAwMDAsInJlYWQiOjMwMDAwMDAwMDAwMCwidXBkYXRlIjoxODAwMDAwMDAwMDAwfX0=",
          "dependencies": [
            "module.azure_vm.azurerm_resource_group.terraform"
          ]
        }
      ]
    }
  ],
  "check_results": null
}
